// !$*UTF8*$!
{
	archiveVersion = 1;
	classes = {
	};
	objectVersion = 46;
	objects = {

/* Begin PBXBuildFile section */
		59264B811B430F11003BFBE9 /* AppDelegate.swift in Sources */ = {isa = PBXBuildFile; fileRef = 59264B801B430F11003BFBE9 /* AppDelegate.swift */; };
		59264B831B430F11003BFBE9 /* ViewController.swift in Sources */ = {isa = PBXBuildFile; fileRef = 59264B821B430F11003BFBE9 /* ViewController.swift */; };
		59264B861B430F11003BFBE9 /* Main.storyboard in Resources */ = {isa = PBXBuildFile; fileRef = 59264B841B430F11003BFBE9 /* Main.storyboard */; };
		59264B881B430F11003BFBE9 /* Images.xcassets in Resources */ = {isa = PBXBuildFile; fileRef = 59264B871B430F11003BFBE9 /* Images.xcassets */; };
		59264B8B1B430F11003BFBE9 /* LaunchScreen.xib in Resources */ = {isa = PBXBuildFile; fileRef = 59264B891B430F11003BFBE9 /* LaunchScreen.xib */; };
		59264B971B430F11003BFBE9 /* TipCalculatorTests.swift in Sources */ = {isa = PBXBuildFile; fileRef = 59264B961B430F11003BFBE9 /* TipCalculatorTests.swift */; };
		59264BA11B430F8B003BFBE9 /* TipCalculatorModel.swift in Sources */ = {isa = PBXBuildFile; fileRef = 59264BA01B430F8B003BFBE9 /* TipCalculatorModel.swift */; };
		59264BA21B430F8B003BFBE9 /* TipCalculatorModel.swift in Sources */ = {isa = PBXBuildFile; fileRef = 59264BA01B430F8B003BFBE9 /* TipCalculatorModel.swift */; };
/* End PBXBuildFile section */

/* Begin PBXContainerItemProxy section */
		59264B911B430F11003BFBE9 /* PBXContainerItemProxy */ = {
			isa = PBXContainerItemProxy;
			containerPortal = 59264B731B430F10003BFBE9 /* Project object */;
			proxyType = 1;
			remoteGlobalIDString = 59264B7A1B430F10003BFBE9;
			remoteInfo = TipCalculator;
		};
/* End PBXContainerItemProxy section */

/* Begin PBXFileReference section */
		59264B7B1B430F11003BFBE9 /* TipCalculator.app */ = {isa = PBXFileReference; explicitFileType = wrapper.application; includeInIndex = 0; path = TipCalculator.app; sourceTree = BUILT_PRODUCTS_DIR; };
		59264B7F1B430F11003BFBE9 /* Info.plist */ = {isa = PBXFileReference; lastKnownFileType = text.plist.xml; path = Info.plist; sourceTree = "<group>"; };
		59264B801B430F11003BFBE9 /* AppDelegate.swift */ = {isa = PBXFileReference; lastKnownFileType = sourcecode.swift; path = AppDelegate.swift; sourceTree = "<group>"; };
		59264B821B430F11003BFBE9 /* ViewController.swift */ = {isa = PBXFileReference; lastKnownFileType = sourcecode.swift; path = ViewController.swift; sourceTree = "<group>"; };
		59264B851B430F11003BFBE9 /* Base */ = {isa = PBXFileReference; lastKnownFileType = file.storyboard; name = Base; path = Base.lproj/Main.storyboard; sourceTree = "<group>"; };
		59264B871B430F11003BFBE9 /* Images.xcassets */ = {isa = PBXFileReference; lastKnownFileType = folder.assetcatalog; path = Images.xcassets; sourceTree = "<group>"; };
		59264B8A1B430F11003BFBE9 /* Base */ = {isa = PBXFileReference; lastKnownFileType = file.xib; name = Base; path = Base.lproj/LaunchScreen.xib; sourceTree = "<group>"; };
		59264B901B430F11003BFBE9 /* TipCalculatorTests.xctest */ = {isa = PBXFileReference; explicitFileType = wrapper.cfbundle; includeInIndex = 0; path = TipCalculatorTests.xctest; sourceTree = BUILT_PRODUCTS_DIR; };
		59264B951B430F11003BFBE9 /* Info.plist */ = {isa = PBXFileReference; lastKnownFileType = text.plist.xml; path = Info.plist; sourceTree = "<group>"; };
		59264B961B430F11003BFBE9 /* TipCalculatorTests.swift */ = {isa = PBXFileReference; lastKnownFileType = sourcecode.swift; path = TipCalculatorTests.swift; sourceTree = "<group>"; };
		59264BA01B430F8B003BFBE9 /* TipCalculatorModel.swift */ = {isa = PBXFileReference; fileEncoding = 4; lastKnownFileType = sourcecode.swift; path = TipCalculatorModel.swift; sourceTree = "<group>"; };
/* End PBXFileReference section */

/* Begin PBXFrameworksBuildPhase section */
		59264B781B430F10003BFBE9 /* Frameworks */ = {
			isa = PBXFrameworksBuildPhase;
			buildActionMask = 2147483647;
			files = (
			);
			runOnlyForDeploymentPostprocessing = 0;
		};
		59264B8D1B430F11003BFBE9 /* Frameworks */ = {
			isa = PBXFrameworksBuildPhase;
			buildActionMask = 2147483647;
			files = (
			);
			runOnlyForDeploymentPostprocessing = 0;
		};
/* End PBXFrameworksBuildPhase section */

/* Begin PBXGroup section */
		59264B721B430F10003BFBE9 = {
			isa = PBXGroup;
			children = (
				59264B7D1B430F11003BFBE9 /* TipCalculator */,
				59264B931B430F11003BFBE9 /* TipCalculatorTests */,
				59264B7C1B430F11003BFBE9 /* Products */,
			);
			sourceTree = "<group>";
		};
		59264B7C1B430F11003BFBE9 /* Products */ = {
			isa = PBXGroup;
			children = (
				59264B7B1B430F11003BFBE9 /* TipCalculator.app */,
				59264B901B430F11003BFBE9 /* TipCalculatorTests.xctest */,
			);
			name = Products;
			sourceTree = "<group>";
		};
		59264B7D1B430F11003BFBE9 /* TipCalculator */ = {
			isa = PBXGroup;
			children = (
				59264B801B430F11003BFBE9 /* AppDelegate.swift */,
				59264B821B430F11003BFBE9 /* ViewController.swift */,
				59264B841B430F11003BFBE9 /* Main.storyboard */,
				59264B871B430F11003BFBE9 /* Images.xcassets */,
				59264B891B430F11003BFBE9 /* LaunchScreen.xib */,
				59264BA01B430F8B003BFBE9 /* TipCalculatorModel.swift */,
				59264B7E1B430F11003BFBE9 /* Supporting Files */,
			);
			path = TipCalculator;
			sourceTree = "<group>";
		};
		59264B7E1B430F11003BFBE9 /* Supporting Files */ = {
			isa = PBXGroup;
			children = (
				59264B7F1B430F11003BFBE9 /* Info.plist */,
			);
			name = "Supporting Files";
			sourceTree = "<group>";
		};
		59264B931B430F11003BFBE9 /* TipCalculatorTests */ = {
			isa = PBXGroup;
			children = (
				59264B961B430F11003BFBE9 /* TipCalculatorTests.swift */,
				59264B941B430F11003BFBE9 /* Supporting Files */,
			);
			path = TipCalculatorTests;
			sourceTree = "<group>";
		};
		59264B941B430F11003BFBE9 /* Supporting Files */ = {
			isa = PBXGroup;
			children = (
				59264B951B430F11003BFBE9 /* Info.plist */,
			);
			name = "Supporting Files";
			sourceTree = "<group>";
		};
/* End PBXGroup section */

/* Begin PBXNativeTarget section */
		59264B7A1B430F10003BFBE9 /* TipCalculator */ = {
			isa = PBXNativeTarget;
			buildConfigurationList = 59264B9A1B430F11003BFBE9 /* Build configuration list for PBXNativeTarget "TipCalculator" */;
			buildPhases = (
				59264B771B430F10003BFBE9 /* Sources */,
				59264B781B430F10003BFBE9 /* Frameworks */,
				59264B791B430F10003BFBE9 /* Resources */,
			);
			buildRules = (
			);
			dependencies = (
			);
			name = TipCalculator;
			productName = TipCalculator;
			productReference = 59264B7B1B430F11003BFBE9 /* TipCalculator.app */;
			productType = "com.apple.product-type.application";
		};
		59264B8F1B430F11003BFBE9 /* TipCalculatorTests */ = {
			isa = PBXNativeTarget;
			buildConfigurationList = 59264B9D1B430F11003BFBE9 /* Build configuration list for PBXNativeTarget "TipCalculatorTests" */;
			buildPhases = (
				59264B8C1B430F11003BFBE9 /* Sources */,
				59264B8D1B430F11003BFBE9 /* Frameworks */,
				59264B8E1B430F11003BFBE9 /* Resources */,
			);
			buildRules = (
			);
			dependencies = (
				59264B921B430F11003BFBE9 /* PBXTargetDependency */,
			);
			name = TipCalculatorTests;
			productName = TipCalculatorTests;
			productReference = 59264B901B430F11003BFBE9 /* TipCalculatorTests.xctest */;
			productType = "com.apple.product-type.bundle.unit-test";
		};
/* End PBXNativeTarget section */

/* Begin PBXProject section */
		59264B731B430F10003BFBE9 /* Project object */ = {
			isa = PBXProject;
			attributes = {
				LastUpgradeCheck = 0630;
				ORGANIZATIONNAME = "Hersh Patel";
				TargetAttributes = {
					59264B7A1B430F10003BFBE9 = {
						CreatedOnToolsVersion = 6.3.2;
					};
					59264B8F1B430F11003BFBE9 = {
						CreatedOnToolsVersion = 6.3.2;
						TestTargetID = 59264B7A1B430F10003BFBE9;
					};
				};
			};
			buildConfigurationList = 59264B761B430F10003BFBE9 /* Build configuration list for PBXProject "TipCalculator" */;
			compatibilityVersion = "Xcode 3.2";
			developmentRegion = English;
			hasScannedForEncodings = 0;
			knownRegions = (
				en,
				Base,
			);
			mainGroup = 59264B721B430F10003BFBE9;
			productRefGroup = 59264B7C1B430F11003BFBE9 /* Products */;
			projectDirPath = "";
			projectRoot = "";
			targets = (
				59264B7A1B430F10003BFBE9 /* TipCalculator */,
				59264B8F1B430F11003BFBE9 /* TipCalculatorTests */,
			);
		};
/* End PBXProject section */

/* Begin PBXResourcesBuildPhase section */
		59264B791B430F10003BFBE9 /* Resources */ = {
			isa = PBXResourcesBuildPhase;
			buildActionMask = 2147483647;
			files = (
				59264B861B430F11003BFBE9 /* Main.storyboard in Resources */,
				59264B8B1B430F11003BFBE9 /* LaunchScreen.xib in Resources */,
				59264B881B430F11003BFBE9 /* Images.xcassets in Resources */,
			);
			runOnlyForDeploymentPostprocessing = 0;
		};
		59264B8E1B430F11003BFBE9 /* Resources */ = {
			isa = PBXResourcesBuildPhase;
			buildActionMask = 2147483647;
			files = (
			);
			runOnlyForDeploymentPostprocessing = 0;
		};
/* End PBXResourcesBuildPhase section */

/* Begin PBXSourcesBuildPhase section */
		59264B771B430F10003BFBE9 /* Sources */ = {
			isa = PBXSourcesBuildPhase;
			buildActionMask = 2147483647;
			files = (
				59264BA11B430F8B003BFBE9 /* TipCalculatorModel.swift in Sources */,
				59264B831B430F11003BFBE9 /* ViewController.swift in Sources */,
				59264B811B430F11003BFBE9 /* AppDelegate.swift in Sources */,
			);
			runOnlyForDeploymentPostprocessing = 0;
		};
		59264B8C1B430F11003BFBE9 /* Sources */ = {
			isa = PBXSourcesBuildPhase;
			buildActionMask = 2147483647;
			files = (
				59264B971B430F11003BFBE9 /* TipCalculatorTests.swift in Sources */,
				59264BA21B430F8B003BFBE9 /* TipCalculatorModel.swift in Sources */,
			);
			runOnlyForDeploymentPostprocessing = 0;
		};
/* End PBXSourcesBuildPhase section */

/* Begin PBXTargetDependency section */
		59264B921B430F11003BFBE9 /* PBXTargetDependency */ = {
			isa = PBXTargetDependency;
			target = 59264B7A1B430F10003BFBE9 /* TipCalculator */;
			targetProxy = 59264B911B430F11003BFBE9 /* PBXContainerItemProxy */;
		};
/* End PBXTargetDependency section */

/* Begin PBXVariantGroup section */
		59264B841B430F11003BFBE9 /* Main.storyboard */ = {
			isa = PBXVariantGroup;
			children = (
				59264B851B430F11003BFBE9 /* Base */,
			);
			name = Main.storyboard;
			sourceTree = "<group>";
		};
		59264B891B430F11003BFBE9 /* LaunchScreen.xib */ = {
			isa = PBXVariantGroup;
			children = (
				59264B8A1B430F11003BFBE9 /* Base */,
			);
			name = LaunchScreen.xib;
			sourceTree = "<group>";
		};
/* End PBXVariantGroup section */

/* Begin XCBuildConfiguration section */
		59264B981B430F11003BFBE9 /* Debug */ = {
			isa = XCBuildConfiguration;
			buildSettings = {
				ALWAYS_SEARCH_USER_PATHS = NO;
				CLANG_CXX_LANGUAGE_STANDARD = "gnu++0x";
				CLANG_CXX_LIBRARY = "libc++";
				CLANG_ENABLE_MODULES = YES;
				CLANG_ENABLE_OBJC_ARC = YES;
				CLANG_WARN_BOOL_CONVERSION = YES;
				CLANG_WARN_CONSTANT_CONVERSION = YES;
				CLANG_WARN_DIRECT_OBJC_ISA_USAGE = YES_ERROR;
				CLANG_WARN_EMPTY_BODY = YES;
				CLANG_WARN_ENUM_CONVERSION = YES;
				CLANG_WARN_INT_CONVERSION = YES;
				CLANG_WARN_OBJC_ROOT_CLASS = YES_ERROR;
				CLANG_WARN_UNREACHABLE_CODE = YES;
				CLANG_WARN__DUPLICATE_METHOD_MATCH = YES;
				"CODE_SIGN_IDENTITY[sdk=iphoneos*]" = "iPhone Developer";
				COPY_PHASE_STRIP = NO;
				DEBUG_INFORMATION_FORMAT = "dwarf-with-dsym";
				ENABLE_STRICT_OBJC_MSGSEND = YES;
				GCC_C_LANGUAGE_STANDARD = gnu99;
				GCC_DYNAMIC_NO_PIC = NO;
				GCC_NO_COMMON_BLOCKS = YES;
				GCC_OPTIMIZATION_LEVEL = 0;
				GCC_PREPROCESSOR_DEFINITIONS = (
					"DEBUG=1",
					"$(inherited)",
				);
				GCC_SYMBOLS_PRIVATE_EXTERN = NO;
				GCC_WARN_64_TO_32_BIT_CONVERSION = YES;
				GCC_WARN_ABOUT_RETURN_TYPE = YES_ERROR;
				GCC_WARN_UNDECLARED_SELECTOR = YES;
				GCC_WARN_UNINITIALIZED_AUTOS = YES_AGGRESSIVE;
				GCC_WARN_UNUSED_FUNCTION = YES;
				GCC_WARN_UNUSED_VARIABLE = YES;
				IPHONEOS_DEPLOYMENT_TARGET = 8.3;
				MTL_ENABLE_DEBUG_INFO = YES;
				ONLY_ACTIVE_ARCH = YES;
				SDKROOT = iphoneos;
				SWIFT_OPTIMIZATION_LEVEL = "-Onone";
			};
			name = Debug;
		};
		59264B991B430F11003BFBE9 /* Release */ = {
			isa = XCBuildConfiguration;
			buildSettings = {
				ALWAYS_SEARCH_USER_PATHS = NO;
				CLANG_CXX_LANGUAGE_STANDARD = "gnu++0x";
				CLANG_CXX_LIBRARY = "libc++";
				CLANG_ENABLE_MODULES = YES;
				CLANG_ENABLE_OBJC_ARC = YES;
				CLANG_WARN_BOOL_CONVERSION = YES;
				CLANG_WARN_CONSTANT_CONVERSION = YES;
				CLANG_WARN_DIRECT_OBJC_ISA_USAGE = YES_ERROR;
				CLANG_WARN_EMPTY_BODY = YES;
				CLANG_WARN_ENUM_CONVERSION = YES;
				CLANG_WARN_INT_CONVERSION = YES;
				CLANG_WARN_OBJC_ROOT_CLASS = YES_ERROR;
				CLANG_WARN_UNREACHABLE_CODE = YES;
				CLANG_WARN__DUPLICATE_METHOD_MATCH = YES;
				"CODE_SIGN_IDENTITY[sdk=iphoneos*]" = "iPhone Developer";
				COPY_PHASE_STRIP = NO;
				DEBUG_INFORMATION_FORMAT = "dwarf-with-dsym";
				ENABLE_NS_ASSERTIONS = NO;
				ENABLE_STRICT_OBJC_MSGSEND = YES;
				GCC_C_LANGUAGE_STANDARD = gnu99;
				GCC_NO_COMMON_BLOCKS = YES;
				GCC_WARN_64_TO_32_BIT_CONVERSION = YES;
				GCC_WARN_ABOUT_RETURN_TYPE = YES_ERROR;
				GCC_WARN_UNDECLARED_SELECTOR = YES;
				GCC_WARN_UNINITIALIZED_AUTOS = YES_AGGRESSIVE;
				GCC_WARN_UNUSED_FUNCTION = YES;
				GCC_WARN_UNUSED_VARIABLE = YES;
				IPHONEOS_DEPLOYMENT_TARGET = 8.3;
				MTL_ENABLE_DEBUG_INFO = NO;
				SDKROOT = iphoneos;
				VALIDATE_PRODUCT = YES;
			};
			name = Release;
		};
		59264B9B1B430F11003BFBE9 /* Debug */ = {
			isa = XCBuildConfiguration;
			buildSettings = {
				ASSETCATALOG_COMPILER_APPICON_NAME = AppIcon;
				INFOPLIST_FILE = TipCalculator/Info.plist;
				LD_RUNPATH_SEARCH_PATHS = "$(inherited) @executable_path/Frameworks";
				PRODUCT_NAME = "$(TARGET_NAME)";
			};
			name = Debug;
		};
		59264B9C1B430F11003BFBE9 /* Release */ = {
			isa = XCBuildConfiguration;
			buildSettings = {
				ASSETCATALOG_COMPILER_APPICON_NAME = AppIcon;
				INFOPLIST_FILE = TipCalculator/Info.plist;
				LD_RUNPATH_SEARCH_PATHS = "$(inherited) @executable_path/Frameworks";
				PRODUCT_NAME = "$(TARGET_NAME)";
			};
			name = Release;
		};
		59264B9E1B430F11003BFBE9 /* Debug */ = {
			isa = XCBuildConfiguration;
			buildSettings = {
				BUNDLE_LOADER = "$(TEST_HOST)";
				FRAMEWORK_SEARCH_PATHS = (
					"$(SDKROOT)/Developer/Library/Frameworks",
					"$(inherited)",
				);
				GCC_PREPROCESSOR_DEFINITIONS = (
					"DEBUG=1",
					"$(inherited)",
				);
				INFOPLIST_FILE = TipCalculatorTests/Info.plist;
				LD_RUNPATH_SEARCH_PATHS = "$(inherited) @executable_path/Frameworks @loader_path/Frameworks";
				PRODUCT_NAME = "$(TARGET_NAME)";
				TEST_HOST = "$(BUILT_PRODUCTS_DIR)/TipCalculator.app/TipCalculator";
			};
			name = Debug;
		};
		59264B9F1B430F11003BFBE9 /* Release */ = {
			isa = XCBuildConfiguration;
			buildSettings = {
				BUNDLE_LOADER = "$(TEST_HOST)";
				FRAMEWORK_SEARCH_PATHS = (
					"$(SDKROOT)/Developer/Library/Frameworks",
					"$(inherited)",
				);
				INFOPLIST_FILE = TipCalculatorTests/Info.plist;
				LD_RUNPATH_SEARCH_PATHS = "$(inherited) @executable_path/Frameworks @loader_path/Frameworks";
				PRODUCT_NAME = "$(TARGET_NAME)";
				TEST_HOST = "$(BUILT_PRODUCTS_DIR)/TipCalculator.app/TipCalculator";
			};
			name = Release;
		};
/* End XCBuildConfiguration section */

/* Begin XCConfigurationList section */
		59264B761B430F10003BFBE9 /* Build configuration list for PBXProject "TipCalculator" */ = {
			isa = XCConfigurationList;
			buildConfigurations = (
				59264B981B430F11003BFBE9 /* Debug */,
				59264B991B430F11003BFBE9 /* Release */,
			);
			defaultConfigurationIsVisible = 0;
			defaultConfigurationName = Release;
		};
		59264B9A1B430F11003BFBE9 /* Build configuration list for PBXNativeTarget "TipCalculator" */ = {
			isa = XCConfigurationList;
			buildConfigurations = (
				59264B9B1B430F11003BFBE9 /* Debug */,
				59264B9C1B430F11003BFBE9 /* Release */,
			);
			defaultConfigurationIsVisible = 0;
		};
		59264B9D1B430F11003BFBE9 /* Build configuration list for PBXNativeTarget "TipCalculatorTests" */ = {
			isa = XCConfigurationList;
			buildConfigurations = (
				59264B9E1B430F11003BFBE9 /* Debug */,
				59264B9F1B430F11003BFBE9 /* Release */,
			);
			defaultConfigurationIsVisible = 0;
		};
/* End XCConfigurationList section */
	};
	rootObject = 59264B731B430F10003BFBE9 /* Project object */;
}
